
Microsoft Visual Studio Solution File, Format Version 12.00
# Visual Studio 15
VisualStudioVersion = 15.0.26228.4
MinimumVisualStudioVersion = 10.0.40219.1
Project("{FAE04EC0-301F-11D3-BF4B-00C04F79EFBC}") = "Klootzakker.Server.Tests", "tst\Klootzakker.Server.Tests\Klootzakker.Server.Tests.csproj", "{223EA1F6-BEC7-4968-9B11-AC02992AA6E7}"
EndProject
Project("{FAE04EC0-301F-11D3-BF4B-00C04F79EFBC}") = "Klootzakken.Web", "src\Klootzakken.Web\Klootzakken.Web.csproj", "{406B9C71-F0D7-4A6D-8697-725D7DACE1A8}"
EndProject
Project("{FAE04EC0-301F-11D3-BF4B-00C04F79EFBC}") = "Klootzakken.Server.InMemory", "src\Klootzakken.Server.InMemory\Klootzakken.Server.InMemory.csproj", "{96EE9500-DCFA-4746-BA1C-92F7279750B0}"
EndProject
Project("{9A19103F-16F7-4668-BE54-9A1E7A4F7556}") = "Klootzakken.Api", "src\Klootzakken.Api\Klootzakken.Api.csproj", "{8FC82B5C-117C-4401-A22E-A477539590B2}"
EndProject
Project("{FAE04EC0-301F-11D3-BF4B-00C04F79EFBC}") = "Klootzakken.Core", "src\Klootzakken.Core\Klootzakken.Core.csproj", "{71A7ED1B-874A-40E7-9BF9-1D3665516069}"
EndProject
Global
	GlobalSection(SolutionConfigurationPlatforms) = preSolution
		Debug|Any CPU = Debug|Any CPU
		Debug|x64 = Debug|x64
		Debug|x86 = Debug|x86
		Release|Any CPU = Release|Any CPU
		Release|x64 = Release|x64
		Release|x86 = Release|x86
	EndGlobalSection
	GlobalSection(ProjectConfigurationPlatforms) = postSolution
		{223EA1F6-BEC7-4968-9B11-AC02992AA6E7}.Debug|Any CPU.ActiveCfg = Debug|Any CPU
		{223EA1F6-BEC7-4968-9B11-AC02992AA6E7}.Debug|Any CPU.Build.0 = Debug|Any CPU
		{223EA1F6-BEC7-4968-9B11-AC02992AA6E7}.Debug|x64.ActiveCfg = Debug|Any CPU
		{223EA1F6-BEC7-4968-9B11-AC02992AA6E7}.Debug|x64.Build.0 = Debug|Any CPU
		{223EA1F6-BEC7-4968-9B11-AC02992AA6E7}.Debug|x86.ActiveCfg = Debug|Any CPU
		{223EA1F6-BEC7-4968-9B11-AC02992AA6E7}.Debug|x86.Build.0 = Debug|Any CPU
		{223EA1F6-BEC7-4968-9B11-AC02992AA6E7}.Release|Any CPU.ActiveCfg = Release|Any CPU
		{223EA1F6-BEC7-4968-9B11-AC02992AA6E7}.Release|Any CPU.Build.0 = Release|Any CPU
		{223EA1F6-BEC7-4968-9B11-AC02992AA6E7}.Release|x64.ActiveCfg = Release|Any CPU
		{223EA1F6-BEC7-4968-9B11-AC02992AA6E7}.Release|x64.Build.0 = Release|Any CPU
		{223EA1F6-BEC7-4968-9B11-AC02992AA6E7}.Release|x86.ActiveCfg = Release|Any CPU
		{223EA1F6-BEC7-4968-9B11-AC02992AA6E7}.Release|x86.Build.0 = Release|Any CPU
		{406B9C71-F0D7-4A6D-8697-725D7DACE1A8}.Debug|Any CPU.ActiveCfg = Debug|Any CPU
		{406B9C71-F0D7-4A6D-8697-725D7DACE1A8}.Debug|Any CPU.Build.0 = Debug|Any CPU
		{406B9C71-F0D7-4A6D-8697-725D7DACE1A8}.Debug|x64.ActiveCfg = Debug|Any CPU
		{406B9C71-F0D7-4A6D-8697-725D7DACE1A8}.Debug|x64.Build.0 = Debug|Any CPU
		{406B9C71-F0D7-4A6D-8697-725D7DACE1A8}.Debug|x86.ActiveCfg = Debug|Any CPU
		{406B9C71-F0D7-4A6D-8697-725D7DACE1A8}.Debug|x86.Build.0 = Debug|Any CPU
		{406B9C71-F0D7-4A6D-8697-725D7DACE1A8}.Release|Any CPU.ActiveCfg = Release|Any CPU
		{406B9C71-F0D7-4A6D-8697-725D7DACE1A8}.Release|Any CPU.Build.0 = Release|Any CPU
		{406B9C71-F0D7-4A6D-8697-725D7DACE1A8}.Release|x64.ActiveCfg = Release|Any CPU
		{406B9C71-F0D7-4A6D-8697-725D7DACE1A8}.Release|x64.Build.0 = Release|Any CPU
		{406B9C71-F0D7-4A6D-8697-725D7DACE1A8}.Release|x86.ActiveCfg = Release|Any CPU
		{406B9C71-F0D7-4A6D-8697-725D7DACE1A8}.Release|x86.Build.0 = Release|Any CPU
		{96EE9500-DCFA-4746-BA1C-92F7279750B0}.Debug|Any CPU.ActiveCfg = Debug|Any CPU
		{96EE9500-DCFA-4746-BA1C-92F7279750B0}.Debug|Any CPU.Build.0 = Debug|Any CPU
		{96EE9500-DCFA-4746-BA1C-92F7279750B0}.Debug|x64.ActiveCfg = Debug|Any CPU
		{96EE9500-DCFA-4746-BA1C-92F7279750B0}.Debug|x64.Build.0 = Debug|Any CPU
		{96EE9500-DCFA-4746-BA1C-92F7279750B0}.Debug|x86.ActiveCfg = Debug|Any CPU
		{96EE9500-DCFA-4746-BA1C-92F7279750B0}.Debug|x86.Build.0 = Debug|Any CPU
		{96EE9500-DCFA-4746-BA1C-92F7279750B0}.Release|Any CPU.ActiveCfg = Release|Any CPU
		{96EE9500-DCFA-4746-BA1C-92F7279750B0}.Release|Any CPU.Build.0 = Release|Any CPU
		{96EE9500-DCFA-4746-BA1C-92F7279750B0}.Release|x64.ActiveCfg = Release|Any CPU
		{96EE9500-DCFA-4746-BA1C-92F7279750B0}.Release|x64.Build.0 = Release|Any CPU
		{96EE9500-DCFA-4746-BA1C-92F7279750B0}.Release|x86.ActiveCfg = Release|Any CPU
		{96EE9500-DCFA-4746-BA1C-92F7279750B0}.Release|x86.Build.0 = Release|Any CPU
		{8FC82B5C-117C-4401-A22E-A477539590B2}.Debug|Any CPU.ActiveCfg = Debug|Any CPU
		{8FC82B5C-117C-4401-A22E-A477539590B2}.Debug|Any CPU.Build.0 = Debug|Any CPU
		{8FC82B5C-117C-4401-A22E-A477539590B2}.Debug|x64.ActiveCfg = Debug|Any CPU
		{8FC82B5C-117C-4401-A22E-A477539590B2}.Debug|x64.Build.0 = Debug|Any CPU
		{8FC82B5C-117C-4401-A22E-A477539590B2}.Debug|x86.ActiveCfg = Debug|Any CPU
		{8FC82B5C-117C-4401-A22E-A477539590B2}.Debug|x86.Build.0 = Debug|Any CPU
		{8FC82B5C-117C-4401-A22E-A477539590B2}.Release|Any CPU.ActiveCfg = Release|Any CPU
		{8FC82B5C-117C-4401-A22E-A477539590B2}.Release|Any CPU.Build.0 = Release|Any CPU
		{8FC82B5C-117C-4401-A22E-A477539590B2}.Release|x64.ActiveCfg = Release|Any CPU
		{8FC82B5C-117C-4401-A22E-A477539590B2}.Release|x64.Build.0 = Release|Any CPU
		{8FC82B5C-117C-4401-A22E-A477539590B2}.Release|x86.ActiveCfg = Release|Any CPU
		{8FC82B5C-117C-4401-A22E-A477539590B2}.Release|x86.Build.0 = Release|Any CPU
		{71A7ED1B-874A-40E7-9BF9-1D3665516069}.Debug|Any CPU.ActiveCfg = Debug|Any CPU
		{71A7ED1B-874A-40E7-9BF9-1D3665516069}.Debug|Any CPU.Build.0 = Debug|Any CPU
		{71A7ED1B-874A-40E7-9BF9-1D3665516069}.Debug|x64.ActiveCfg = Debug|Any CPU
		{71A7ED1B-874A-40E7-9BF9-1D3665516069}.Debug|x64.Build.0 = Debug|Any CPU
		{71A7ED1B-874A-40E7-9BF9-1D3665516069}.Debug|x86.ActiveCfg = Debug|Any CPU
		{71A7ED1B-874A-40E7-9BF9-1D3665516069}.Debug|x86.Build.0 = Debug|Any CPU
		{71A7ED1B-874A-40E7-9BF9-1D3665516069}.Release|Any CPU.ActiveCfg = Release|Any CPU
		{71A7ED1B-874A-40E7-9BF9-1D3665516069}.Release|Any CPU.Build.0 = Release|Any CPU
		{71A7ED1B-874A-40E7-9BF9-1D3665516069}.Release|x64.ActiveCfg = Release|Any CPU
		{71A7ED1B-874A-40E7-9BF9-1D3665516069}.Release|x64.Build.0 = Release|Any CPU
		{71A7ED1B-874A-40E7-9BF9-1D3665516069}.Release|x86.ActiveCfg = Release|Any CPU
		{71A7ED1B-874A-40E7-9BF9-1D3665516069}.Release|x86.Build.0 = Release|Any CPU
	EndGlobalSection
	GlobalSection(SolutionProperties) = preSolution
		HideSolutionNode = FALSE
	EndGlobalSection
EndGlobal
